
Microsoft Visual Studio Solution File, Format Version 10.00
# Visual Studio 2008
Project("{FAE04EC0-301F-11D3-BF4B-00C04F79EFBC}") = "BitOrchestra", "BitOrchestra.csproj", "{2E3CF104-2FE3-4FAE-9318-03D44231B3B5}"
EndProject
Global
	GlobalSection(SolutionConfigurationPlatforms) = preSolution
		Debug|Any CPU = Debug|Any CPU
		Release|Any CPU = Release|Any CPU
	EndGlobalSection
	GlobalSection(ProjectConfigurationPlatforms) = postSolution
		{2E3CF104-2FE3-4FAE-9318-03D44231B3B5}.Debug|Any CPU.ActiveCfg = Debug|Any CPU
		{2E3CF104-2FE3-4FAE-9318-03D44231B3B5}.Debug|Any CPU.Build.0 = Debug|Any CPU
		{2E3CF104-2FE3-4FAE-9318-03D44231B3B5}.Release|Any CPU.ActiveCfg = Release|Any CPU
		{2E3CF104-2FE3-4FAE-9318-03D44231B3B5}.Release|Any CPU.Build.0 = Release|Any CPU
	EndGlobalSection
	GlobalSection(SolutionProperties) = preSolution
		HideSolutionNode = FALSE
	EndGlobalSection
EndGlobal
